# THIS IS AN AUTOGENERATED FILE. DO NOT EDIT THIS FILE DIRECTLY.
# yarn lockfile v1


dot-prop@^9.0.0:
  version "9.0.0"
  resolved "https://registry.yarnpkg.com/dot-prop/-/dot-prop-9.0.0.tgz#bae5982fe6dc6b8fddb92efef4f2ddff26779e92"
  integrity sha512-1gxPBJpI/pcjQhKgIU91II6Wkay+dLcN3M6rf2uwP8hRur3HtQXjVrdAK3sjC0piaEuxzMwjXChcETiJl47lAQ==
  dependencies:
    type-fest "^4.18.2"

type-fest@^4.18.2:
  version "4.29.0"
  resolved "https://registry.yarnpkg.com/type-fest/-/type-fest-4.29.0.tgz#c9ac0bd3c7cb2c2fb8fc7b24d5b3eb48daad834e"
  integrity sha512-RPYt6dKyemXJe7I6oNstcH24myUGSReicxcHTvCLgzm4e0n8y05dGvcGB15/SoPRBmhlMthWQ9pvKyL81ko8nQ==
